
Microsoft Visual Studio Solution File, Format Version 12.00
# Visual Studio 2013
VisualStudioVersion = 12.0.30501.0
MinimumVisualStudioVersion = 10.0.40219.1
Project("{FAE04EC0-301F-11D3-BF4B-00C04F79EFBC}") = "spa1", "Spa1\spa1.csproj", "{CC7FD652-A9CD-49D3-A53B-A3AC4B49CFCF}"
EndProject
Project("{FAE04EC0-301F-11D3-BF4B-00C04F79EFBC}") = "spa2", "spa2\spa2.csproj", "{1733CD14-926C-49BF-9861-5AA0813837FE}"
EndProject
Global
	GlobalSection(SolutionConfigurationPlatforms) = preSolution
		Debug|Any CPU = Debug|Any CPU
		Release|Any CPU = Release|Any CPU
	EndGlobalSection
	GlobalSection(ProjectConfigurationPlatforms) = postSolution
		{CC7FD652-A9CD-49D3-A53B-A3AC4B49CFCF}.Debug|Any CPU.ActiveCfg = Debug|Any CPU
		{CC7FD652-A9CD-49D3-A53B-A3AC4B49CFCF}.Debug|Any CPU.Build.0 = Debug|Any CPU
		{CC7FD652-A9CD-49D3-A53B-A3AC4B49CFCF}.Release|Any CPU.ActiveCfg = Release|Any CPU
		{CC7FD652-A9CD-49D3-A53B-A3AC4B49CFCF}.Release|Any CPU.Build.0 = Release|Any CPU
		{1733CD14-926C-49BF-9861-5AA0813837FE}.Debug|Any CPU.ActiveCfg = Debug|Any CPU
		{1733CD14-926C-49BF-9861-5AA0813837FE}.Debug|Any CPU.Build.0 = Debug|Any CPU
		{1733CD14-926C-49BF-9861-5AA0813837FE}.Release|Any CPU.ActiveCfg = Release|Any CPU
		{1733CD14-926C-49BF-9861-5AA0813837FE}.Release|Any CPU.Build.0 = Release|Any CPU
	EndGlobalSection
	GlobalSection(SolutionProperties) = preSolution
		HideSolutionNode = FALSE
	EndGlobalSection
EndGlobal
